{
  "name": "c",
  "version": "1.0.0",
  "lockfileVersion": 2,
  "requires": true,
  "packages": {
    "": {
      "name": "c",
      "version": "1.0.0",
      "license": "ISC",
      "dependencies": {
        "@miniprogram-component-plus/tabs": "^1.0.0",
        "weui-miniprogram": "^1.1.1"
      }
    },
    "node_modules/@miniprogram-component-plus/tabs": {
      "version": "1.0.0",
      "resolved": "https://registry.npmjs.org/@miniprogram-component-plus/tabs/-/tabs-1.0.0.tgz",
      "integrity": "sha512-oV9dFpIoYAz0IbDECS9toS1GHivWoAd1cchxeZKCBV3PoPCEipHOeXQS3K2USr7EY8LDyfg3f0tDAacPfagYjg=="
    },
    "node_modules/weui-miniprogram": {
      "version": "1.1.1",
      "resolved": "https://registry.npmjs.org/weui-miniprogram/-/weui-miniprogram-1.1.1.tgz",
      "integrity": "sha512-C8UZTR4C90M/mpcR+NQc+c9prWz9ZuWvTgMtfkL6iNzM6Y20NIcepqRimTcmq+scDeVzptDMdk1iwvv5gVbanQ=="
    }
  },
  "dependencies": {
    "@miniprogram-component-plus/tabs": {
      "version": "1.0.0",
      "resolved": "https://registry.npmjs.org/@miniprogram-component-plus/tabs/-/tabs-1.0.0.tgz",
      "integrity": "sha512-oV9dFpIoYAz0IbDECS9toS1GHivWoAd1cchxeZKCBV3PoPCEipHOeXQS3K2USr7EY8LDyfg3f0tDAacPfagYjg=="
    },
    "weui-miniprogram": {
      "version": "1.1.1",
      "resolved": "https://registry.npmjs.org/weui-miniprogram/-/weui-miniprogram-1.1.1.tgz",
      "integrity": "sha512-C8UZTR4C90M/mpcR+NQc+c9prWz9ZuWvTgMtfkL6iNzM6Y20NIcepqRimTcmq+scDeVzptDMdk1iwvv5gVbanQ=="
    }
  }
}
